// !$*UTF8*$!
{
	archiveVersion = 1;
	classes = {
	};
	objectVersion = 56;
	objects = {

/* Begin PBXBuildFile section */
		D52AB95B2B83CCE100E6EC16 /* LentaViewController.swift in Sources */ = {isa = PBXBuildFile; fileRef = D52AB95A2B83CCE100E6EC16 /* LentaViewController.swift */; };
		D52AB95D2B83CD1700E6EC16 /* NotificationViewController.swift in Sources */ = {isa = PBXBuildFile; fileRef = D52AB95C2B83CD1700E6EC16 /* NotificationViewController.swift */; };
		D52AB95F2B83CD5800E6EC16 /* UserProfileViewController.swift in Sources */ = {isa = PBXBuildFile; fileRef = D52AB95E2B83CD5800E6EC16 /* UserProfileViewController.swift */; };
		D571339A2B84DEA900407173 /* RecomendationCell.swift in Sources */ = {isa = PBXBuildFile; fileRef = D57133992B84DEA900407173 /* RecomendationCell.swift */; };
		D572ED9A2B853A4A00E4A321 /* NotificationCellPicture.swift in Sources */ = {isa = PBXBuildFile; fileRef = D572ED992B853A4A00E4A321 /* NotificationCellPicture.swift */; };
		D572ED9C2B853B1000E4A321 /* NotificationCellButton.swift in Sources */ = {isa = PBXBuildFile; fileRef = D572ED9B2B853B1000E4A321 /* NotificationCellButton.swift */; };
		D572ED9E2B853F2400E4A321 /* NotificationPictureCell.swift in Sources */ = {isa = PBXBuildFile; fileRef = D572ED9D2B853F2400E4A321 /* NotificationPictureCell.swift */; };
		D572EDA02B85402E00E4A321 /* NotificationButtonCell.swift in Sources */ = {isa = PBXBuildFile; fileRef = D572ED9F2B85402E00E4A321 /* NotificationButtonCell.swift */; };
		D57680E72B84CA2D0083D2EE /* PostModel.swift in Sources */ = {isa = PBXBuildFile; fileRef = D57680E62B84CA2D0083D2EE /* PostModel.swift */; };
		D57680E92B84CA830083D2EE /* RmLinkStorage.swift in Sources */ = {isa = PBXBuildFile; fileRef = D57680E82B84CA830083D2EE /* RmLinkStorage.swift */; };
		D57680EC2B84CF780083D2EE /* Stories.swift in Sources */ = {isa = PBXBuildFile; fileRef = D57680EB2B84CF780083D2EE /* Stories.swift */; };
		D57680EE2B84D0E90083D2EE /* Recomendation.swift in Sources */ = {isa = PBXBuildFile; fileRef = D57680ED2B84D0E90083D2EE /* Recomendation.swift */; };
		D577642A2B85E1A00072FBA7 /* String + Extension.swift in Sources */ = {isa = PBXBuildFile; fileRef = D57764292B85E1A00072FBA7 /* String + Extension.swift */; };
		D57B90092B8401930071B4A7 /* ContentCell.swift in Sources */ = {isa = PBXBuildFile; fileRef = D57B90082B8401930071B4A7 /* ContentCell.swift */; };
		D57DA38A2B83E057009979A2 /* HistoryCell.swift in Sources */ = {isa = PBXBuildFile; fileRef = D57DA3892B83E057009979A2 /* HistoryCell.swift */; };
		D58B434D2B7194600084A3DC /* AppDelegate.swift in Sources */ = {isa = PBXBuildFile; fileRef = D58B434C2B7194600084A3DC /* AppDelegate.swift */; };
		D58B434F2B7194600084A3DC /* SceneDelegate.swift in Sources */ = {isa = PBXBuildFile; fileRef = D58B434E2B7194600084A3DC /* SceneDelegate.swift */; };
		D58B43512B7194600084A3DC /* TabBarViewController.swift in Sources */ = {isa = PBXBuildFile; fileRef = D58B43502B7194600084A3DC /* TabBarViewController.swift */; };
		D58B43562B7194620084A3DC /* Assets.xcassets in Resources */ = {isa = PBXBuildFile; fileRef = D58B43552B7194620084A3DC /* Assets.xcassets */; };
		D58B43592B7194620084A3DC /* LaunchScreen.storyboard in Resources */ = {isa = PBXBuildFile; fileRef = D58B43572B7194620084A3DC /* LaunchScreen.storyboard */; };
/* End PBXBuildFile section */

/* Begin PBXFileReference section */
		D52AB95A2B83CCE100E6EC16 /* LentaViewController.swift */ = {isa = PBXFileReference; lastKnownFileType = sourcecode.swift; path = LentaViewController.swift; sourceTree = "<group>"; };
		D52AB95C2B83CD1700E6EC16 /* NotificationViewController.swift */ = {isa = PBXFileReference; lastKnownFileType = sourcecode.swift; path = NotificationViewController.swift; sourceTree = "<group>"; };
		D52AB95E2B83CD5800E6EC16 /* UserProfileViewController.swift */ = {isa = PBXFileReference; lastKnownFileType = sourcecode.swift; path = UserProfileViewController.swift; sourceTree = "<group>"; };
		D57133992B84DEA900407173 /* RecomendationCell.swift */ = {isa = PBXFileReference; lastKnownFileType = sourcecode.swift; path = RecomendationCell.swift; sourceTree = "<group>"; };
		D572ED992B853A4A00E4A321 /* NotificationCellPicture.swift */ = {isa = PBXFileReference; lastKnownFileType = sourcecode.swift; path = NotificationCellPicture.swift; sourceTree = "<group>"; };
		D572ED9B2B853B1000E4A321 /* NotificationCellButton.swift */ = {isa = PBXFileReference; lastKnownFileType = sourcecode.swift; path = NotificationCellButton.swift; sourceTree = "<group>"; };
		D572ED9D2B853F2400E4A321 /* NotificationPictureCell.swift */ = {isa = PBXFileReference; lastKnownFileType = sourcecode.swift; path = NotificationPictureCell.swift; sourceTree = "<group>"; };
		D572ED9F2B85402E00E4A321 /* NotificationButtonCell.swift */ = {isa = PBXFileReference; lastKnownFileType = sourcecode.swift; path = NotificationButtonCell.swift; sourceTree = "<group>"; };
		D57680E62B84CA2D0083D2EE /* PostModel.swift */ = {isa = PBXFileReference; lastKnownFileType = sourcecode.swift; path = PostModel.swift; sourceTree = "<group>"; };
		D57680E82B84CA830083D2EE /* RmLinkStorage.swift */ = {isa = PBXFileReference; lastKnownFileType = sourcecode.swift; path = RmLinkStorage.swift; sourceTree = "<group>"; };
		D57680EB2B84CF780083D2EE /* Stories.swift */ = {isa = PBXFileReference; lastKnownFileType = sourcecode.swift; path = Stories.swift; sourceTree = "<group>"; };
		D57680ED2B84D0E90083D2EE /* Recomendation.swift */ = {isa = PBXFileReference; lastKnownFileType = sourcecode.swift; path = Recomendation.swift; sourceTree = "<group>"; };
		D57764292B85E1A00072FBA7 /* String + Extension.swift */ = {isa = PBXFileReference; lastKnownFileType = sourcecode.swift; path = "String + Extension.swift"; sourceTree = "<group>"; };
		D57B90082B8401930071B4A7 /* ContentCell.swift */ = {isa = PBXFileReference; lastKnownFileType = sourcecode.swift; path = ContentCell.swift; sourceTree = "<group>"; };
		D57DA3892B83E057009979A2 /* HistoryCell.swift */ = {isa = PBXFileReference; lastKnownFileType = sourcecode.swift; path = HistoryCell.swift; sourceTree = "<group>"; };
		D58B43492B7194600084A3DC /* UIKitTemplate.app */ = {isa = PBXFileReference; explicitFileType = wrapper.application; includeInIndex = 0; path = UIKitTemplate.app; sourceTree = BUILT_PRODUCTS_DIR; };
		D58B434C2B7194600084A3DC /* AppDelegate.swift */ = {isa = PBXFileReference; lastKnownFileType = sourcecode.swift; path = AppDelegate.swift; sourceTree = "<group>"; };
		D58B434E2B7194600084A3DC /* SceneDelegate.swift */ = {isa = PBXFileReference; lastKnownFileType = sourcecode.swift; path = SceneDelegate.swift; sourceTree = "<group>"; };
		D58B43502B7194600084A3DC /* TabBarViewController.swift */ = {isa = PBXFileReference; lastKnownFileType = sourcecode.swift; path = TabBarViewController.swift; sourceTree = "<group>"; };
		D58B43552B7194620084A3DC /* Assets.xcassets */ = {isa = PBXFileReference; lastKnownFileType = folder.assetcatalog; path = Assets.xcassets; sourceTree = "<group>"; };
		D58B43582B7194620084A3DC /* Base */ = {isa = PBXFileReference; lastKnownFileType = file.storyboard; name = Base; path = Base.lproj/LaunchScreen.storyboard; sourceTree = "<group>"; };
		D58B435A2B7194620084A3DC /* Info.plist */ = {isa = PBXFileReference; lastKnownFileType = text.plist.xml; path = Info.plist; sourceTree = "<group>"; };
/* End PBXFileReference section */

/* Begin PBXFrameworksBuildPhase section */
		D58B43462B71945F0084A3DC /* Frameworks */ = {
			isa = PBXFrameworksBuildPhase;
			buildActionMask = 2147483647;
			files = (
			);
			runOnlyForDeploymentPostprocessing = 0;
		};
/* End PBXFrameworksBuildPhase section */

/* Begin PBXGroup section */
		D572ED982B8539B600E4A321 /* Controllers */ = {
			isa = PBXGroup;
			children = (
				D58B43502B7194600084A3DC /* TabBarViewController.swift */,
				D52AB95A2B83CCE100E6EC16 /* LentaViewController.swift */,
				D52AB95C2B83CD1700E6EC16 /* NotificationViewController.swift */,
				D52AB95E2B83CD5800E6EC16 /* UserProfileViewController.swift */,
			);
			path = Controllers;
			sourceTree = "<group>";
		};
		D57680EA2B84CE7D0083D2EE /* Model */ = {
			isa = PBXGroup;
			children = (
				D57680E62B84CA2D0083D2EE /* PostModel.swift */,
				D572ED992B853A4A00E4A321 /* NotificationCellPicture.swift */,
				D572ED9B2B853B1000E4A321 /* NotificationCellButton.swift */,
				D57680EB2B84CF780083D2EE /* Stories.swift */,
				D57680ED2B84D0E90083D2EE /* Recomendation.swift */,
			);
			path = Model;
			sourceTree = "<group>";
		};
		D57680EF2B84D1CB0083D2EE /* RMLinkStorage */ = {
			isa = PBXGroup;
			children = (
				D57680E82B84CA830083D2EE /* RmLinkStorage.swift */,
			);
			path = RMLinkStorage;
			sourceTree = "<group>";
		};
		D577642B2B85E1DD0072FBA7 /* Extension */ = {
			isa = PBXGroup;
			children = (
				D57764292B85E1A00072FBA7 /* String + Extension.swift */,
			);
			path = Extension;
			sourceTree = "<group>";
		};
		D57B90072B8401710071B4A7 /* Cell */ = {
			isa = PBXGroup;
			children = (
				D57DA3892B83E057009979A2 /* HistoryCell.swift */,
				D57B90082B8401930071B4A7 /* ContentCell.swift */,
				D57133992B84DEA900407173 /* RecomendationCell.swift */,
				D572ED9D2B853F2400E4A321 /* NotificationPictureCell.swift */,
				D572ED9F2B85402E00E4A321 /* NotificationButtonCell.swift */,
			);
			path = Cell;
			sourceTree = "<group>";
		};
		D58B43402B71945F0084A3DC = {
			isa = PBXGroup;
			children = (
				D58B434B2B7194600084A3DC /* UIKitTemplate */,
				D58B434A2B7194600084A3DC /* Products */,
			);
			sourceTree = "<group>";
		};
		D58B434A2B7194600084A3DC /* Products */ = {
			isa = PBXGroup;
			children = (
				D58B43492B7194600084A3DC /* UIKitTemplate.app */,
			);
			name = Products;
			sourceTree = "<group>";
		};
		D58B434B2B7194600084A3DC /* UIKitTemplate */ = {
			isa = PBXGroup;
			children = (
				D58B434C2B7194600084A3DC /* AppDelegate.swift */,
				D58B434E2B7194600084A3DC /* SceneDelegate.swift */,
				D57680EF2B84D1CB0083D2EE /* RMLinkStorage */,
				D57680EA2B84CE7D0083D2EE /* Model */,
				D57B90072B8401710071B4A7 /* Cell */,
				D572ED982B8539B600E4A321 /* Controllers */,
				D577642B2B85E1DD0072FBA7 /* Extension */,
				D58B43552B7194620084A3DC /* Assets.xcassets */,
				D58B43572B7194620084A3DC /* LaunchScreen.storyboard */,
				D58B435A2B7194620084A3DC /* Info.plist */,
			);
			path = UIKitTemplate;
			sourceTree = "<group>";
		};
/* End PBXGroup section */

/* Begin PBXNativeTarget section */
		D58B43482B71945F0084A3DC /* UIKitTemplate */ = {
			isa = PBXNativeTarget;
			buildConfigurationList = D58B435D2B7194620084A3DC /* Build configuration list for PBXNativeTarget "UIKitTemplate" */;
			buildPhases = (
				D58B43612B719EB90084A3DC /* swiftFormat */,
				D58B43602B7199480084A3DC /* swiftLint */,
				D58B43452B71945F0084A3DC /* Sources */,
				D58B43462B71945F0084A3DC /* Frameworks */,
				D58B43472B71945F0084A3DC /* Resources */,
			);
			buildRules = (
			);
			dependencies = (
			);
			name = UIKitTemplate;
			productName = UIKitTemplate;
			productReference = D58B43492B7194600084A3DC /* UIKitTemplate.app */;
			productType = "com.apple.product-type.application";
		};
/* End PBXNativeTarget section */

/* Begin PBXProject section */
		D58B43412B71945F0084A3DC /* Project object */ = {
			isa = PBXProject;
			attributes = {
				BuildIndependentTargetsInParallel = 1;
				LastSwiftUpdateCheck = 1500;
				LastUpgradeCheck = 1500;
				TargetAttributes = {
					D58B43482B71945F0084A3DC = {
						CreatedOnToolsVersion = 15.0;
					};
				};
			};
			buildConfigurationList = D58B43442B71945F0084A3DC /* Build configuration list for PBXProject "UIKitTemplate" */;
			compatibilityVersion = "Xcode 14.0";
			developmentRegion = en;
			hasScannedForEncodings = 0;
			knownRegions = (
				en,
				Base,
			);
			mainGroup = D58B43402B71945F0084A3DC;
			productRefGroup = D58B434A2B7194600084A3DC /* Products */;
			projectDirPath = "";
			projectRoot = "";
			targets = (
				D58B43482B71945F0084A3DC /* UIKitTemplate */,
			);
		};
/* End PBXProject section */

/* Begin PBXResourcesBuildPhase section */
		D58B43472B71945F0084A3DC /* Resources */ = {
			isa = PBXResourcesBuildPhase;
			buildActionMask = 2147483647;
			files = (
				D58B43592B7194620084A3DC /* LaunchScreen.storyboard in Resources */,
				D58B43562B7194620084A3DC /* Assets.xcassets in Resources */,
			);
			runOnlyForDeploymentPostprocessing = 0;
		};
/* End PBXResourcesBuildPhase section */

/* Begin PBXShellScriptBuildPhase section */
		D58B43602B7199480084A3DC /* swiftLint */ = {
			isa = PBXShellScriptBuildPhase;
			alwaysOutOfDate = 1;
			buildActionMask = 2147483647;
			files = (
			);
			inputFileListPaths = (
			);
			inputPaths = (
			);
			name = swiftLint;
			outputFileListPaths = (
			);
			outputPaths = (
			);
			runOnlyForDeploymentPostprocessing = 0;
			shellPath = /bin/sh;
			shellScript = "if [[ \"$(uname -m)\" == arm64 ]]; then\n    export PATH=\"/opt/homebrew/bin:$PATH\"\nfi\n\nif which swiftlint > /dev/null; then\n  swiftlint\nelse\n  echo \"warning: SwiftLint not installed, download from https://github.com/realm/SwiftLint\"\nfi\n";
			showEnvVarsInLog = 0;
		};
		D58B43612B719EB90084A3DC /* swiftFormat */ = {
			isa = PBXShellScriptBuildPhase;
			alwaysOutOfDate = 1;
			buildActionMask = 2147483647;
			files = (
			);
			inputFileListPaths = (
			);
			inputPaths = (
			);
			name = swiftFormat;
			outputFileListPaths = (
			);
			outputPaths = (
			);
			runOnlyForDeploymentPostprocessing = 0;
			shellPath = /bin/sh;
			shellScript = "# Type a script or drag a script file from your workspace to insert its path.\nif [[ \"$(uname -m)\" == arm64 ]]; then\n    export PATH=\"/opt/homebrew/bin:$PATH\"\nfi\n\nif which swiftformat > /dev/null; then\n  swiftformat .\nelse\n  echo \"warning: SwiftFormat not installed, download from https://github.com/nicklockwood/SwiftFormat\"\nfi\n";
			showEnvVarsInLog = 0;
		};
/* End PBXShellScriptBuildPhase section */

/* Begin PBXSourcesBuildPhase section */
		D58B43452B71945F0084A3DC /* Sources */ = {
			isa = PBXSourcesBuildPhase;
			buildActionMask = 2147483647;
			files = (
				D57680E92B84CA830083D2EE /* RmLinkStorage.swift in Sources */,
				D571339A2B84DEA900407173 /* RecomendationCell.swift in Sources */,
				D52AB95D2B83CD1700E6EC16 /* NotificationViewController.swift in Sources */,
				D57680E72B84CA2D0083D2EE /* PostModel.swift in Sources */,
				D57DA38A2B83E057009979A2 /* HistoryCell.swift in Sources */,
				D52AB95F2B83CD5800E6EC16 /* UserProfileViewController.swift in Sources */,
				D57680EC2B84CF780083D2EE /* Stories.swift in Sources */,
				D572EDA02B85402E00E4A321 /* NotificationButtonCell.swift in Sources */,
				D58B43512B7194600084A3DC /* TabBarViewController.swift in Sources */,
				D58B434D2B7194600084A3DC /* AppDelegate.swift in Sources */,
				D572ED9C2B853B1000E4A321 /* NotificationCellButton.swift in Sources */,
				D572ED9A2B853A4A00E4A321 /* NotificationCellPicture.swift in Sources */,
				D572ED9E2B853F2400E4A321 /* NotificationPictureCell.swift in Sources */,
				D58B434F2B7194600084A3DC /* SceneDelegate.swift in Sources */,
				D577642A2B85E1A00072FBA7 /* String + Extension.swift in Sources */,
				D52AB95B2B83CCE100E6EC16 /* LentaViewController.swift in Sources */,
				D57680EE2B84D0E90083D2EE /* Recomendation.swift in Sources */,
				D57B90092B8401930071B4A7 /* ContentCell.swift in Sources */,
			);
			runOnlyForDeploymentPostprocessing = 0;
		};
/* End PBXSourcesBuildPhase section */

/* Begin PBXVariantGroup section */
		D58B43572B7194620084A3DC /* LaunchScreen.storyboard */ = {
			isa = PBXVariantGroup;
			children = (
				D58B43582B7194620084A3DC /* Base */,
			);
			name = LaunchScreen.storyboard;
			sourceTree = "<group>";
		};
/* End PBXVariantGroup section */

/* Begin XCBuildConfiguration section */
		D58B435B2B7194620084A3DC /* Debug */ = {
			isa = XCBuildConfiguration;
			buildSettings = {
				ALWAYS_SEARCH_USER_PATHS = NO;
				ASSETCATALOG_COMPILER_GENERATE_SWIFT_ASSET_SYMBOL_EXTENSIONS = YES;
				CLANG_ANALYZER_NONNULL = YES;
				CLANG_ANALYZER_NUMBER_OBJECT_CONVERSION = YES_AGGRESSIVE;
				CLANG_CXX_LANGUAGE_STANDARD = "gnu++20";
				CLANG_ENABLE_MODULES = YES;
				CLANG_ENABLE_OBJC_ARC = YES;
				CLANG_ENABLE_OBJC_WEAK = YES;
				CLANG_WARN_BLOCK_CAPTURE_AUTORELEASING = YES;
				CLANG_WARN_BOOL_CONVERSION = YES;
				CLANG_WARN_COMMA = YES;
				CLANG_WARN_CONSTANT_CONVERSION = YES;
				CLANG_WARN_DEPRECATED_OBJC_IMPLEMENTATIONS = YES;
				CLANG_WARN_DIRECT_OBJC_ISA_USAGE = YES_ERROR;
				CLANG_WARN_DOCUMENTATION_COMMENTS = YES;
				CLANG_WARN_EMPTY_BODY = YES;
				CLANG_WARN_ENUM_CONVERSION = YES;
				CLANG_WARN_INFINITE_RECURSION = YES;
				CLANG_WARN_INT_CONVERSION = YES;
				CLANG_WARN_NON_LITERAL_NULL_CONVERSION = YES;
				CLANG_WARN_OBJC_IMPLICIT_RETAIN_SELF = YES;
				CLANG_WARN_OBJC_LITERAL_CONVERSION = YES;
				CLANG_WARN_OBJC_ROOT_CLASS = YES_ERROR;
				CLANG_WARN_QUOTED_INCLUDE_IN_FRAMEWORK_HEADER = YES;
				CLANG_WARN_RANGE_LOOP_ANALYSIS = YES;
				CLANG_WARN_STRICT_PROTOTYPES = YES;
				CLANG_WARN_SUSPICIOUS_MOVE = YES;
				CLANG_WARN_UNGUARDED_AVAILABILITY = YES_AGGRESSIVE;
				CLANG_WARN_UNREACHABLE_CODE = YES;
				CLANG_WARN__DUPLICATE_METHOD_MATCH = YES;
				COPY_PHASE_STRIP = NO;
				DEBUG_INFORMATION_FORMAT = dwarf;
				ENABLE_STRICT_OBJC_MSGSEND = YES;
				ENABLE_TESTABILITY = YES;
				ENABLE_USER_SCRIPT_SANDBOXING = NO;
				GCC_C_LANGUAGE_STANDARD = gnu17;
				GCC_DYNAMIC_NO_PIC = NO;
				GCC_NO_COMMON_BLOCKS = YES;
				GCC_OPTIMIZATION_LEVEL = 0;
				GCC_PREPROCESSOR_DEFINITIONS = (
					"DEBUG=1",
					"$(inherited)",
				);
				GCC_WARN_64_TO_32_BIT_CONVERSION = YES;
				GCC_WARN_ABOUT_RETURN_TYPE = YES_ERROR;
				GCC_WARN_UNDECLARED_SELECTOR = YES;
				GCC_WARN_UNINITIALIZED_AUTOS = YES_AGGRESSIVE;
				GCC_WARN_UNUSED_FUNCTION = YES;
				GCC_WARN_UNUSED_VARIABLE = YES;
				IPHONEOS_DEPLOYMENT_TARGET = 17.0;
				LOCALIZATION_PREFERS_STRING_CATALOGS = YES;
				MTL_ENABLE_DEBUG_INFO = INCLUDE_SOURCE;
				MTL_FAST_MATH = YES;
				ONLY_ACTIVE_ARCH = YES;
				SDKROOT = iphoneos;
				SWIFT_ACTIVE_COMPILATION_CONDITIONS = "DEBUG $(inherited)";
				SWIFT_OPTIMIZATION_LEVEL = "-Onone";
			};
			name = Debug;
		};
		D58B435C2B7194620084A3DC /* Release */ = {
			isa = XCBuildConfiguration;
			buildSettings = {
				ALWAYS_SEARCH_USER_PATHS = NO;
				ASSETCATALOG_COMPILER_GENERATE_SWIFT_ASSET_SYMBOL_EXTENSIONS = YES;
				CLANG_ANALYZER_NONNULL = YES;
				CLANG_ANALYZER_NUMBER_OBJECT_CONVERSION = YES_AGGRESSIVE;
				CLANG_CXX_LANGUAGE_STANDARD = "gnu++20";
				CLANG_ENABLE_MODULES = YES;
				CLANG_ENABLE_OBJC_ARC = YES;
				CLANG_ENABLE_OBJC_WEAK = YES;
				CLANG_WARN_BLOCK_CAPTURE_AUTORELEASING = YES;
				CLANG_WARN_BOOL_CONVERSION = YES;
				CLANG_WARN_COMMA = YES;
				CLANG_WARN_CONSTANT_CONVERSION = YES;
				CLANG_WARN_DEPRECATED_OBJC_IMPLEMENTATIONS = YES;
				CLANG_WARN_DIRECT_OBJC_ISA_USAGE = YES_ERROR;
				CLANG_WARN_DOCUMENTATION_COMMENTS = YES;
				CLANG_WARN_EMPTY_BODY = YES;
				CLANG_WARN_ENUM_CONVERSION = YES;
				CLANG_WARN_INFINITE_RECURSION = YES;
				CLANG_WARN_INT_CONVERSION = YES;
				CLANG_WARN_NON_LITERAL_NULL_CONVERSION = YES;
				CLANG_WARN_OBJC_IMPLICIT_RETAIN_SELF = YES;
				CLANG_WARN_OBJC_LITERAL_CONVERSION = YES;
				CLANG_WARN_OBJC_ROOT_CLASS = YES_ERROR;
				CLANG_WARN_QUOTED_INCLUDE_IN_FRAMEWORK_HEADER = YES;
				CLANG_WARN_RANGE_LOOP_ANALYSIS = YES;
				CLANG_WARN_STRICT_PROTOTYPES = YES;
				CLANG_WARN_SUSPICIOUS_MOVE = YES;
				CLANG_WARN_UNGUARDED_AVAILABILITY = YES_AGGRESSIVE;
				CLANG_WARN_UNREACHABLE_CODE = YES;
				CLANG_WARN__DUPLICATE_METHOD_MATCH = YES;
				COPY_PHASE_STRIP = NO;
				DEBUG_INFORMATION_FORMAT = "dwarf-with-dsym";
				ENABLE_NS_ASSERTIONS = NO;
				ENABLE_STRICT_OBJC_MSGSEND = YES;
				ENABLE_USER_SCRIPT_SANDBOXING = NO;
				GCC_C_LANGUAGE_STANDARD = gnu17;
				GCC_NO_COMMON_BLOCKS = YES;
				GCC_WARN_64_TO_32_BIT_CONVERSION = YES;
				GCC_WARN_ABOUT_RETURN_TYPE = YES_ERROR;
				GCC_WARN_UNDECLARED_SELECTOR = YES;
				GCC_WARN_UNINITIALIZED_AUTOS = YES_AGGRESSIVE;
				GCC_WARN_UNUSED_FUNCTION = YES;
				GCC_WARN_UNUSED_VARIABLE = YES;
				IPHONEOS_DEPLOYMENT_TARGET = 17.0;
				LOCALIZATION_PREFERS_STRING_CATALOGS = YES;
				MTL_ENABLE_DEBUG_INFO = NO;
				MTL_FAST_MATH = YES;
				SDKROOT = iphoneos;
				SWIFT_COMPILATION_MODE = wholemodule;
				VALIDATE_PRODUCT = YES;
			};
			name = Release;
		};
		D58B435E2B7194620084A3DC /* Debug */ = {
			isa = XCBuildConfiguration;
			buildSettings = {
				ASSETCATALOG_COMPILER_APPICON_NAME = AppIcon;
				ASSETCATALOG_COMPILER_GLOBAL_ACCENT_COLOR_NAME = AccentColor;
				CODE_SIGN_STYLE = Automatic;
				CURRENT_PROJECT_VERSION = 1;
				DEVELOPMENT_TEAM = V54S3A3W4Z;
				GENERATE_INFOPLIST_FILE = YES;
				INFOPLIST_FILE = UIKitTemplate/Info.plist;
				INFOPLIST_KEY_UIApplicationSupportsIndirectInputEvents = YES;
				INFOPLIST_KEY_UILaunchStoryboardName = LaunchScreen;
				INFOPLIST_KEY_UISupportedInterfaceOrientations_iPad = "UIInterfaceOrientationPortrait UIInterfaceOrientationPortraitUpsideDown UIInterfaceOrientationLandscapeLeft UIInterfaceOrientationLandscapeRight";
				INFOPLIST_KEY_UISupportedInterfaceOrientations_iPhone = "UIInterfaceOrientationPortrait UIInterfaceOrientationLandscapeLeft UIInterfaceOrientationLandscapeRight";
				IPHONEOS_DEPLOYMENT_TARGET = 15.0;
				LD_RUNPATH_SEARCH_PATHS = (
					"$(inherited)",
					"@executable_path/Frameworks",
				);
				MARKETING_VERSION = 1.0;
				PRODUCT_BUNDLE_IDENTIFIER = "Vakil-Kalandarov.UIKitTemplate";
				PRODUCT_NAME = "$(TARGET_NAME)";
				SWIFT_EMIT_LOC_STRINGS = YES;
				SWIFT_VERSION = 5.0;
				TARGETED_DEVICE_FAMILY = "1,2";
			};
			name = Debug;
		};
		D58B435F2B7194620084A3DC /* Release */ = {
			isa = XCBuildConfiguration;
			buildSettings = {
				ASSETCATALOG_COMPILER_APPICON_NAME = AppIcon;
				ASSETCATALOG_COMPILER_GLOBAL_ACCENT_COLOR_NAME = AccentColor;
				CODE_SIGN_STYLE = Automatic;
				CURRENT_PROJECT_VERSION = 1;
				DEVELOPMENT_TEAM = V54S3A3W4Z;
				GENERATE_INFOPLIST_FILE = YES;
				INFOPLIST_FILE = UIKitTemplate/Info.plist;
				INFOPLIST_KEY_UIApplicationSupportsIndirectInputEvents = YES;
				INFOPLIST_KEY_UILaunchStoryboardName = LaunchScreen;
				INFOPLIST_KEY_UISupportedInterfaceOrientations_iPad = "UIInterfaceOrientationPortrait UIInterfaceOrientationPortraitUpsideDown UIInterfaceOrientationLandscapeLeft UIInterfaceOrientationLandscapeRight";
				INFOPLIST_KEY_UISupportedInterfaceOrientations_iPhone = "UIInterfaceOrientationPortrait UIInterfaceOrientationLandscapeLeft UIInterfaceOrientationLandscapeRight";
				IPHONEOS_DEPLOYMENT_TARGET = 15.0;
				LD_RUNPATH_SEARCH_PATHS = (
					"$(inherited)",
					"@executable_path/Frameworks",
				);
				MARKETING_VERSION = 1.0;
				PRODUCT_BUNDLE_IDENTIFIER = "Vakil-Kalandarov.UIKitTemplate";
				PRODUCT_NAME = "$(TARGET_NAME)";
				SWIFT_EMIT_LOC_STRINGS = YES;
				SWIFT_VERSION = 5.0;
				TARGETED_DEVICE_FAMILY = "1,2";
			};
			name = Release;
		};
/* End XCBuildConfiguration section */

/* Begin XCConfigurationList section */
		D58B43442B71945F0084A3DC /* Build configuration list for PBXProject "UIKitTemplate" */ = {
			isa = XCConfigurationList;
			buildConfigurations = (
				D58B435B2B7194620084A3DC /* Debug */,
				D58B435C2B7194620084A3DC /* Release */,
			);
			defaultConfigurationIsVisible = 0;
			defaultConfigurationName = Release;
		};
		D58B435D2B7194620084A3DC /* Build configuration list for PBXNativeTarget "UIKitTemplate" */ = {
			isa = XCConfigurationList;
			buildConfigurations = (
				D58B435E2B7194620084A3DC /* Debug */,
				D58B435F2B7194620084A3DC /* Release */,
			);
			defaultConfigurationIsVisible = 0;
			defaultConfigurationName = Release;
		};
/* End XCConfigurationList section */
	};
	rootObject = D58B43412B71945F0084A3DC /* Project object */;
}
